
Microsoft Visual Studio Solution File, Format Version 12.00
Project("{FAE04EC0-301F-11D3-BF4B-00C04F79EFBC}") = "ClayLocks", "ClayLocks\ClayLocks.csproj", "{A316267C-9055-454A-91A4-330CB94CEE07}"
EndProject
Project("{2150E333-8FDC-42A3-9474-1A3956D46DE8}") = "00-Presentation", "00-Presentation", "{1F455F03-2C73-4526-BB45-5534A4DFF7CC}"
EndProject
Project("{2150E333-8FDC-42A3-9474-1A3956D46DE8}") = "00-Read", "00-Read", "{7259A42B-0215-4FD3-AFE4-3509E87D1555}"
EndProject
Project("{2150E333-8FDC-42A3-9474-1A3956D46DE8}") = "00-Write", "00-Write", "{78B6A9A6-0802-448A-99A2-945B3E00DD22}"
EndProject
Project("{FAE04EC0-301F-11D3-BF4B-00C04F79EFBC}") = "Read.Contracts", "Read.Contracts\Read.Contracts.csproj", "{83C8B9FB-E026-4E49-B2C4-192F6A6F1B2B}"
EndProject
Project("{FAE04EC0-301F-11D3-BF4B-00C04F79EFBC}") = "Read.Implementation", "Read.Implementation\Read.Implementation.csproj", "{15D711B2-B7BF-4C00-80E8-0695AAE4C099}"
EndProject
Project("{FAE04EC0-301F-11D3-BF4B-00C04F79EFBC}") = "Write.Contacts", "Write.Contacts\Write.Contacts.csproj", "{5906F31F-94BC-4590-B14D-8A9577F31D95}"
EndProject
Project("{FAE04EC0-301F-11D3-BF4B-00C04F79EFBC}") = "Write.Implementation", "Write.Implementation\Write.Implementation.csproj", "{EA792A4C-3B10-4B9D-B53A-7BAF6E4F24B3}"
EndProject
Project("{FAE04EC0-301F-11D3-BF4B-00C04F79EFBC}") = "EventBus", "EventBus\EventBus.csproj", "{05A91FAF-6C7D-4F3C-96D1-F29AC0C3418F}"
EndProject
Project("{FAE04EC0-301F-11D3-BF4B-00C04F79EFBC}") = "Write.Tests", "Write.Tests\Write.Tests.csproj", "{62B93A28-6025-44D5-BBAF-CEF0329D5365}"
EndProject
Project("{FAE04EC0-301F-11D3-BF4B-00C04F79EFBC}") = "Read.Tests", "Read.Tests\Read.Tests.csproj", "{127017BB-2AF1-4C30-A224-F2919123740F}"
EndProject
Project("{FAE04EC0-301F-11D3-BF4B-00C04F79EFBC}") = "Read.Data", "Read.Data\Read.Data.csproj", "{26DC8AD2-DB92-4C2B-954F-B47ADE46576D}"
EndProject
Project("{FAE04EC0-301F-11D3-BF4B-00C04F79EFBC}") = "Write.Data", "Write.Data\Write.Data.csproj", "{4231262F-1829-48C0-A256-D8CF296DB813}"
EndProject
Project("{FAE04EC0-301F-11D3-BF4B-00C04F79EFBC}") = "Shared", "Shared\Shared.csproj", "{82D29A51-AC26-496C-B137-F65DFA0BCB9B}"
EndProject
Project("{2150E333-8FDC-42A3-9474-1A3956D46DE8}") = "Solution Items", "Solution Items", "{DAADE5BF-6BCC-4E9C-8EAD-1D14BD210577}"
	ProjectSection(SolutionItems) = preProject
		docker-compose.yml = docker-compose.yml
	EndProjectSection
EndProject
Global
	GlobalSection(SolutionConfigurationPlatforms) = preSolution
		Debug|Any CPU = Debug|Any CPU
		Release|Any CPU = Release|Any CPU
	EndGlobalSection
	GlobalSection(ProjectConfigurationPlatforms) = postSolution
		{A316267C-9055-454A-91A4-330CB94CEE07}.Debug|Any CPU.ActiveCfg = Debug|Any CPU
		{A316267C-9055-454A-91A4-330CB94CEE07}.Debug|Any CPU.Build.0 = Debug|Any CPU
		{A316267C-9055-454A-91A4-330CB94CEE07}.Release|Any CPU.ActiveCfg = Release|Any CPU
		{A316267C-9055-454A-91A4-330CB94CEE07}.Release|Any CPU.Build.0 = Release|Any CPU
		{83C8B9FB-E026-4E49-B2C4-192F6A6F1B2B}.Debug|Any CPU.ActiveCfg = Debug|Any CPU
		{83C8B9FB-E026-4E49-B2C4-192F6A6F1B2B}.Debug|Any CPU.Build.0 = Debug|Any CPU
		{83C8B9FB-E026-4E49-B2C4-192F6A6F1B2B}.Release|Any CPU.ActiveCfg = Release|Any CPU
		{83C8B9FB-E026-4E49-B2C4-192F6A6F1B2B}.Release|Any CPU.Build.0 = Release|Any CPU
		{15D711B2-B7BF-4C00-80E8-0695AAE4C099}.Debug|Any CPU.ActiveCfg = Debug|Any CPU
		{15D711B2-B7BF-4C00-80E8-0695AAE4C099}.Debug|Any CPU.Build.0 = Debug|Any CPU
		{15D711B2-B7BF-4C00-80E8-0695AAE4C099}.Release|Any CPU.ActiveCfg = Release|Any CPU
		{15D711B2-B7BF-4C00-80E8-0695AAE4C099}.Release|Any CPU.Build.0 = Release|Any CPU
		{5906F31F-94BC-4590-B14D-8A9577F31D95}.Debug|Any CPU.ActiveCfg = Debug|Any CPU
		{5906F31F-94BC-4590-B14D-8A9577F31D95}.Debug|Any CPU.Build.0 = Debug|Any CPU
		{5906F31F-94BC-4590-B14D-8A9577F31D95}.Release|Any CPU.ActiveCfg = Release|Any CPU
		{5906F31F-94BC-4590-B14D-8A9577F31D95}.Release|Any CPU.Build.0 = Release|Any CPU
		{EA792A4C-3B10-4B9D-B53A-7BAF6E4F24B3}.Debug|Any CPU.ActiveCfg = Debug|Any CPU
		{EA792A4C-3B10-4B9D-B53A-7BAF6E4F24B3}.Debug|Any CPU.Build.0 = Debug|Any CPU
		{EA792A4C-3B10-4B9D-B53A-7BAF6E4F24B3}.Release|Any CPU.ActiveCfg = Release|Any CPU
		{EA792A4C-3B10-4B9D-B53A-7BAF6E4F24B3}.Release|Any CPU.Build.0 = Release|Any CPU
		{05A91FAF-6C7D-4F3C-96D1-F29AC0C3418F}.Debug|Any CPU.ActiveCfg = Debug|Any CPU
		{05A91FAF-6C7D-4F3C-96D1-F29AC0C3418F}.Debug|Any CPU.Build.0 = Debug|Any CPU
		{05A91FAF-6C7D-4F3C-96D1-F29AC0C3418F}.Release|Any CPU.ActiveCfg = Release|Any CPU
		{05A91FAF-6C7D-4F3C-96D1-F29AC0C3418F}.Release|Any CPU.Build.0 = Release|Any CPU
		{62B93A28-6025-44D5-BBAF-CEF0329D5365}.Debug|Any CPU.ActiveCfg = Debug|Any CPU
		{62B93A28-6025-44D5-BBAF-CEF0329D5365}.Debug|Any CPU.Build.0 = Debug|Any CPU
		{62B93A28-6025-44D5-BBAF-CEF0329D5365}.Release|Any CPU.ActiveCfg = Release|Any CPU
		{62B93A28-6025-44D5-BBAF-CEF0329D5365}.Release|Any CPU.Build.0 = Release|Any CPU
		{127017BB-2AF1-4C30-A224-F2919123740F}.Debug|Any CPU.ActiveCfg = Debug|Any CPU
		{127017BB-2AF1-4C30-A224-F2919123740F}.Debug|Any CPU.Build.0 = Debug|Any CPU
		{127017BB-2AF1-4C30-A224-F2919123740F}.Release|Any CPU.ActiveCfg = Release|Any CPU
		{127017BB-2AF1-4C30-A224-F2919123740F}.Release|Any CPU.Build.0 = Release|Any CPU
		{26DC8AD2-DB92-4C2B-954F-B47ADE46576D}.Debug|Any CPU.ActiveCfg = Debug|Any CPU
		{26DC8AD2-DB92-4C2B-954F-B47ADE46576D}.Debug|Any CPU.Build.0 = Debug|Any CPU
		{26DC8AD2-DB92-4C2B-954F-B47ADE46576D}.Release|Any CPU.ActiveCfg = Release|Any CPU
		{26DC8AD2-DB92-4C2B-954F-B47ADE46576D}.Release|Any CPU.Build.0 = Release|Any CPU
		{4231262F-1829-48C0-A256-D8CF296DB813}.Debug|Any CPU.ActiveCfg = Debug|Any CPU
		{4231262F-1829-48C0-A256-D8CF296DB813}.Debug|Any CPU.Build.0 = Debug|Any CPU
		{4231262F-1829-48C0-A256-D8CF296DB813}.Release|Any CPU.ActiveCfg = Release|Any CPU
		{4231262F-1829-48C0-A256-D8CF296DB813}.Release|Any CPU.Build.0 = Release|Any CPU
		{82D29A51-AC26-496C-B137-F65DFA0BCB9B}.Debug|Any CPU.ActiveCfg = Debug|Any CPU
		{82D29A51-AC26-496C-B137-F65DFA0BCB9B}.Debug|Any CPU.Build.0 = Debug|Any CPU
		{82D29A51-AC26-496C-B137-F65DFA0BCB9B}.Release|Any CPU.ActiveCfg = Release|Any CPU
		{82D29A51-AC26-496C-B137-F65DFA0BCB9B}.Release|Any CPU.Build.0 = Release|Any CPU
	EndGlobalSection
	GlobalSection(NestedProjects) = preSolution
		{A316267C-9055-454A-91A4-330CB94CEE07} = {1F455F03-2C73-4526-BB45-5534A4DFF7CC}
		{83C8B9FB-E026-4E49-B2C4-192F6A6F1B2B} = {7259A42B-0215-4FD3-AFE4-3509E87D1555}
		{15D711B2-B7BF-4C00-80E8-0695AAE4C099} = {7259A42B-0215-4FD3-AFE4-3509E87D1555}
		{5906F31F-94BC-4590-B14D-8A9577F31D95} = {78B6A9A6-0802-448A-99A2-945B3E00DD22}
		{EA792A4C-3B10-4B9D-B53A-7BAF6E4F24B3} = {78B6A9A6-0802-448A-99A2-945B3E00DD22}
		{127017BB-2AF1-4C30-A224-F2919123740F} = {7259A42B-0215-4FD3-AFE4-3509E87D1555}
		{62B93A28-6025-44D5-BBAF-CEF0329D5365} = {78B6A9A6-0802-448A-99A2-945B3E00DD22}
		{26DC8AD2-DB92-4C2B-954F-B47ADE46576D} = {7259A42B-0215-4FD3-AFE4-3509E87D1555}
		{4231262F-1829-48C0-A256-D8CF296DB813} = {78B6A9A6-0802-448A-99A2-945B3E00DD22}
	EndGlobalSection
EndGlobal
